{
  "name": "shut-up-x",
  "lockfileVersion": 3,
  "requires": true,
  "packages": {
    "": {
      "devDependencies": {
        "chrome-types": "^0.1.295"
      }
    },
    "node_modules/chrome-types": {
      "version": "0.1.295",
      "resolved": "https://registry.npmjs.org/chrome-types/-/chrome-types-0.1.295.tgz",
      "integrity": "sha512-v3cz19OQHmsX1F4uLwsn5LS7Gl0mQWDE1RWToD+ccI5cHs16vxdyuvX00k3WlopNNq02lNPPR961h/tQ9TZB9w==",
      "dev": true
    }
  }
}
